// !$*UTF8*$!
{
	archiveVersion = 1;
	classes = {
	};
	objectVersion = 46;
	objects = {

/* Begin PBXBuildFile section */
		8A4AC444CBD6E4C14C3D1EEF /* libPods-Rich.a in Frameworks */ = {isa = PBXBuildFile; fileRef = 6D3FF70B69A8197EAB8EF891 /* libPods-Rich.a */; };
		C410D8941DB38A1C00E5CC98 /* PaymentViewController.swift in Sources */ = {isa = PBXBuildFile; fileRef = C410D8931DB38A1B00E5CC98 /* PaymentViewController.swift */; };
		C42678931DA9513000DD3A77 /* MyAPIClient.swift in Sources */ = {isa = PBXBuildFile; fileRef = C42678921DA9513000DD3A77 /* MyAPIClient.swift */; };
		C42678951DA97B4600DD3A77 /* CardsListViewController.swift in Sources */ = {isa = PBXBuildFile; fileRef = C42678941DA97B4600DD3A77 /* CardsListViewController.swift */; };
		C42678981DA97D0900DD3A77 /* CardCell.swift in Sources */ = {isa = PBXBuildFile; fileRef = C42678961DA97D0900DD3A77 /* CardCell.swift */; };
		C42678991DA97D0900DD3A77 /* CardCell.xib in Resources */ = {isa = PBXBuildFile; fileRef = C42678971DA97D0900DD3A77 /* CardCell.xib */; };
		C426789B1DA97D7900DD3A77 /* StripeUtil.swift in Sources */ = {isa = PBXBuildFile; fileRef = C426789A1DA97D7900DD3A77 /* StripeUtil.swift */; };
		C426789D1DA97E4D00DD3A77 /* StripeTools.swift in Sources */ = {isa = PBXBuildFile; fileRef = C426789C1DA97E4D00DD3A77 /* StripeTools.swift */; };
		C445478A1DA6539C0071C27A /* AppDelegate.swift in Sources */ = {isa = PBXBuildFile; fileRef = C44547891DA6539C0071C27A /* AppDelegate.swift */; };
		C445478C1DA6539C0071C27A /* ViewController.swift in Sources */ = {isa = PBXBuildFile; fileRef = C445478B1DA6539C0071C27A /* ViewController.swift */; };
		C445478F1DA6539C0071C27A /* Main.storyboard in Resources */ = {isa = PBXBuildFile; fileRef = C445478D1DA6539C0071C27A /* Main.storyboard */; };
		C44547911DA6539C0071C27A /* Assets.xcassets in Resources */ = {isa = PBXBuildFile; fileRef = C44547901DA6539C0071C27A /* Assets.xcassets */; };
		C44547941DA6539C0071C27A /* LaunchScreen.storyboard in Resources */ = {isa = PBXBuildFile; fileRef = C44547921DA6539C0071C27A /* LaunchScreen.storyboard */; };
		C445479F1DA6539C0071C27A /* RichTests.swift in Sources */ = {isa = PBXBuildFile; fileRef = C445479E1DA6539C0071C27A /* RichTests.swift */; };
		C44547AA1DA6539C0071C27A /* RichUITests.swift in Sources */ = {isa = PBXBuildFile; fileRef = C44547A91DA6539C0071C27A /* RichUITests.swift */; };
		C47F1AF51DB2C109001EBA60 /* CircleView.swift in Sources */ = {isa = PBXBuildFile; fileRef = C47F1AF41DB2C109001EBA60 /* CircleView.swift */; };
		C4ACF3711DA655280082F61D /* Fabric.framework in Frameworks */ = {isa = PBXBuildFile; fileRef = C4ACF36E1DA655280082F61D /* Fabric.framework */; };
		C4ACF3721DA655280082F61D /* Stripe.framework in Frameworks */ = {isa = PBXBuildFile; fileRef = C4ACF36F1DA655280082F61D /* Stripe.framework */; };
		C4ACF3731DA655280082F61D /* Stripe.bundle in Resources */ = {isa = PBXBuildFile; fileRef = C4ACF3701DA655280082F61D /* Stripe.bundle */; };
/* End PBXBuildFile section */

/* Begin PBXContainerItemProxy section */
		C445479B1DA6539C0071C27A /* PBXContainerItemProxy */ = {
			isa = PBXContainerItemProxy;
			containerPortal = C445477E1DA6539C0071C27A /* Project object */;
			proxyType = 1;
			remoteGlobalIDString = C44547851DA6539C0071C27A;
			remoteInfo = Rich;
		};
		C44547A61DA6539C0071C27A /* PBXContainerItemProxy */ = {
			isa = PBXContainerItemProxy;
			containerPortal = C445477E1DA6539C0071C27A /* Project object */;
			proxyType = 1;
			remoteGlobalIDString = C44547851DA6539C0071C27A;
			remoteInfo = Rich;
		};
/* End PBXContainerItemProxy section */

/* Begin PBXFileReference section */
		6D3FF70B69A8197EAB8EF891 /* libPods-Rich.a */ = {isa = PBXFileReference; explicitFileType = archive.ar; includeInIndex = 0; path = "libPods-Rich.a"; sourceTree = BUILT_PRODUCTS_DIR; };
		A2604A52690B6022723AAAF9 /* Pods-Rich.debug.xcconfig */ = {isa = PBXFileReference; includeInIndex = 1; lastKnownFileType = text.xcconfig; name = "Pods-Rich.debug.xcconfig"; path = "Pods/Target Support Files/Pods-Rich/Pods-Rich.debug.xcconfig"; sourceTree = "<group>"; };
		C410D8931DB38A1B00E5CC98 /* PaymentViewController.swift */ = {isa = PBXFileReference; fileEncoding = 4; lastKnownFileType = sourcecode.swift; path = PaymentViewController.swift; sourceTree = "<group>"; };
		C42678921DA9513000DD3A77 /* MyAPIClient.swift */ = {isa = PBXFileReference; fileEncoding = 4; lastKnownFileType = sourcecode.swift; path = MyAPIClient.swift; sourceTree = "<group>"; };
		C42678941DA97B4600DD3A77 /* CardsListViewController.swift */ = {isa = PBXFileReference; fileEncoding = 4; lastKnownFileType = sourcecode.swift; path = CardsListViewController.swift; sourceTree = "<group>"; };
		C42678961DA97D0900DD3A77 /* CardCell.swift */ = {isa = PBXFileReference; fileEncoding = 4; lastKnownFileType = sourcecode.swift; path = CardCell.swift; sourceTree = "<group>"; };
		C42678971DA97D0900DD3A77 /* CardCell.xib */ = {isa = PBXFileReference; fileEncoding = 4; lastKnownFileType = file.xib; path = CardCell.xib; sourceTree = "<group>"; };
		C426789A1DA97D7900DD3A77 /* StripeUtil.swift */ = {isa = PBXFileReference; fileEncoding = 4; lastKnownFileType = sourcecode.swift; path = StripeUtil.swift; sourceTree = "<group>"; };
		C426789C1DA97E4D00DD3A77 /* StripeTools.swift */ = {isa = PBXFileReference; fileEncoding = 4; lastKnownFileType = sourcecode.swift; path = StripeTools.swift; sourceTree = "<group>"; };
		C44547861DA6539C0071C27A /* Rich.app */ = {isa = PBXFileReference; explicitFileType = wrapper.application; includeInIndex = 0; path = Rich.app; sourceTree = BUILT_PRODUCTS_DIR; };
		C44547891DA6539C0071C27A /* AppDelegate.swift */ = {isa = PBXFileReference; lastKnownFileType = sourcecode.swift; path = AppDelegate.swift; sourceTree = "<group>"; };
		C445478B1DA6539C0071C27A /* ViewController.swift */ = {isa = PBXFileReference; lastKnownFileType = sourcecode.swift; path = ViewController.swift; sourceTree = "<group>"; };
		C445478E1DA6539C0071C27A /* Base */ = {isa = PBXFileReference; lastKnownFileType = file.storyboard; name = Base; path = Base.lproj/Main.storyboard; sourceTree = "<group>"; };
		C44547901DA6539C0071C27A /* Assets.xcassets */ = {isa = PBXFileReference; lastKnownFileType = folder.assetcatalog; path = Assets.xcassets; sourceTree = "<group>"; };
		C44547931DA6539C0071C27A /* Base */ = {isa = PBXFileReference; lastKnownFileType = file.storyboard; name = Base; path = Base.lproj/LaunchScreen.storyboard; sourceTree = "<group>"; };
		C44547951DA6539C0071C27A /* Info.plist */ = {isa = PBXFileReference; lastKnownFileType = text.plist.xml; path = Info.plist; sourceTree = "<group>"; };
		C445479A1DA6539C0071C27A /* RichTests.xctest */ = {isa = PBXFileReference; explicitFileType = wrapper.cfbundle; includeInIndex = 0; path = RichTests.xctest; sourceTree = BUILT_PRODUCTS_DIR; };
		C445479E1DA6539C0071C27A /* RichTests.swift */ = {isa = PBXFileReference; lastKnownFileType = sourcecode.swift; path = RichTests.swift; sourceTree = "<group>"; };
		C44547A01DA6539C0071C27A /* Info.plist */ = {isa = PBXFileReference; lastKnownFileType = text.plist.xml; path = Info.plist; sourceTree = "<group>"; };
		C44547A51DA6539C0071C27A /* RichUITests.xctest */ = {isa = PBXFileReference; explicitFileType = wrapper.cfbundle; includeInIndex = 0; path = RichUITests.xctest; sourceTree = BUILT_PRODUCTS_DIR; };
		C44547A91DA6539C0071C27A /* RichUITests.swift */ = {isa = PBXFileReference; lastKnownFileType = sourcecode.swift; path = RichUITests.swift; sourceTree = "<group>"; };
		C44547AB1DA6539C0071C27A /* Info.plist */ = {isa = PBXFileReference; lastKnownFileType = text.plist.xml; path = Info.plist; sourceTree = "<group>"; };
		C47F1AF41DB2C109001EBA60 /* CircleView.swift */ = {isa = PBXFileReference; fileEncoding = 4; lastKnownFileType = sourcecode.swift; path = CircleView.swift; sourceTree = "<group>"; };
		C4ACF36E1DA655280082F61D /* Fabric.framework */ = {isa = PBXFileReference; lastKnownFileType = wrapper.framework; path = Fabric.framework; sourceTree = "<group>"; };
		C4ACF36F1DA655280082F61D /* Stripe.framework */ = {isa = PBXFileReference; lastKnownFileType = wrapper.framework; path = Stripe.framework; sourceTree = "<group>"; };
		C4ACF3701DA655280082F61D /* Stripe.bundle */ = {isa = PBXFileReference; lastKnownFileType = "wrapper.plug-in"; name = Stripe.bundle; path = Stripe.framework/Stripe.bundle; sourceTree = "<group>"; };
		C4ACF3741DA6C2BF0082F61D /* Rich-Bridging-Header.h */ = {isa = PBXFileReference; lastKnownFileType = sourcecode.c.h; path = "Rich-Bridging-Header.h"; sourceTree = "<group>"; };
		F8713109429251188A136476 /* Pods-Rich.release.xcconfig */ = {isa = PBXFileReference; includeInIndex = 1; lastKnownFileType = text.xcconfig; name = "Pods-Rich.release.xcconfig"; path = "Pods/Target Support Files/Pods-Rich/Pods-Rich.release.xcconfig"; sourceTree = "<group>"; };
/* End PBXFileReference section */

/* Begin PBXFrameworksBuildPhase section */
		C44547831DA6539C0071C27A /* Frameworks */ = {
			isa = PBXFrameworksBuildPhase;
			buildActionMask = 2147483647;
			files = (
				C4ACF3711DA655280082F61D /* Fabric.framework in Frameworks */,
				C4ACF3721DA655280082F61D /* Stripe.framework in Frameworks */,
				8A4AC444CBD6E4C14C3D1EEF /* libPods-Rich.a in Frameworks */,
			);
			runOnlyForDeploymentPostprocessing = 0;
		};
		C44547971DA6539C0071C27A /* Frameworks */ = {
			isa = PBXFrameworksBuildPhase;
			buildActionMask = 2147483647;
			files = (
			);
			runOnlyForDeploymentPostprocessing = 0;
		};
		C44547A21DA6539C0071C27A /* Frameworks */ = {
			isa = PBXFrameworksBuildPhase;
			buildActionMask = 2147483647;
			files = (
			);
			runOnlyForDeploymentPostprocessing = 0;
		};
/* End PBXFrameworksBuildPhase section */

/* Begin PBXGroup section */
		6CA6A2250DF8D52CCFC082A2 /* Frameworks */ = {
			isa = PBXGroup;
			children = (
				6D3FF70B69A8197EAB8EF891 /* libPods-Rich.a */,
			);
			name = Frameworks;
			sourceTree = "<group>";
		};
		C445477D1DA6539C0071C27A = {
			isa = PBXGroup;
			children = (
				C4ACF36E1DA655280082F61D /* Fabric.framework */,
				C4ACF36F1DA655280082F61D /* Stripe.framework */,
				C4ACF3701DA655280082F61D /* Stripe.bundle */,
				C44547881DA6539C0071C27A /* Rich */,
				C445479D1DA6539C0071C27A /* RichTests */,
				C44547A81DA6539C0071C27A /* RichUITests */,
				C44547871DA6539C0071C27A /* Products */,
				E904DC880CD2A371B2CC0742 /* Pods */,
				6CA6A2250DF8D52CCFC082A2 /* Frameworks */,
			);
			sourceTree = "<group>";
		};
		C44547871DA6539C0071C27A /* Products */ = {
			isa = PBXGroup;
			children = (
				C44547861DA6539C0071C27A /* Rich.app */,
				C445479A1DA6539C0071C27A /* RichTests.xctest */,
				C44547A51DA6539C0071C27A /* RichUITests.xctest */,
			);
			name = Products;
			sourceTree = "<group>";
		};
		C44547881DA6539C0071C27A /* Rich */ = {
			isa = PBXGroup;
			children = (
				C47F1AF41DB2C109001EBA60 /* CircleView.swift */,
				C42678921DA9513000DD3A77 /* MyAPIClient.swift */,
				C44547891DA6539C0071C27A /* AppDelegate.swift */,
				C445478B1DA6539C0071C27A /* ViewController.swift */,
				C445478D1DA6539C0071C27A /* Main.storyboard */,
				C44547901DA6539C0071C27A /* Assets.xcassets */,
				C44547921DA6539C0071C27A /* LaunchScreen.storyboard */,
				C44547951DA6539C0071C27A /* Info.plist */,
				C4ACF3741DA6C2BF0082F61D /* Rich-Bridging-Header.h */,
				C42678941DA97B4600DD3A77 /* CardsListViewController.swift */,
				C42678961DA97D0900DD3A77 /* CardCell.swift */,
				C42678971DA97D0900DD3A77 /* CardCell.xib */,
				C426789A1DA97D7900DD3A77 /* StripeUtil.swift */,
				C426789C1DA97E4D00DD3A77 /* StripeTools.swift */,
				C410D8931DB38A1B00E5CC98 /* PaymentViewController.swift */,
			);
			path = Rich;
			sourceTree = "<group>";
		};
		C445479D1DA6539C0071C27A /* RichTests */ = {
			isa = PBXGroup;
			children = (
				C445479E1DA6539C0071C27A /* RichTests.swift */,
				C44547A01DA6539C0071C27A /* Info.plist */,
			);
			path = RichTests;
			sourceTree = "<group>";
		};
		C44547A81DA6539C0071C27A /* RichUITests */ = {
			isa = PBXGroup;
			children = (
				C44547A91DA6539C0071C27A /* RichUITests.swift */,
				C44547AB1DA6539C0071C27A /* Info.plist */,
			);
			path = RichUITests;
			sourceTree = "<group>";
		};
		E904DC880CD2A371B2CC0742 /* Pods */ = {
			isa = PBXGroup;
			children = (
				A2604A52690B6022723AAAF9 /* Pods-Rich.debug.xcconfig */,
				F8713109429251188A136476 /* Pods-Rich.release.xcconfig */,
			);
			name = Pods;
			sourceTree = "<group>";
		};
/* End PBXGroup section */

/* Begin PBXNativeTarget section */
		C44547851DA6539C0071C27A /* Rich */ = {
			isa = PBXNativeTarget;
			buildConfigurationList = C44547AE1DA6539C0071C27A /* Build configuration list for PBXNativeTarget "Rich" */;
			buildPhases = (
				EB60C911D85A9331D8AFFF1E /* [CP] Check Pods Manifest.lock */,
				C44547821DA6539C0071C27A /* Sources */,
				C44547831DA6539C0071C27A /* Frameworks */,
				C44547841DA6539C0071C27A /* Resources */,
				C4ACF3671DA654070082F61D /* Run Script */,
				D57C1B35BFD16AF495D421FD /* [CP] Embed Pods Frameworks */,
				9EA9DFD495932EA6E18AD9DE /* [CP] Copy Pods Resources */,
			);
			buildRules = (
			);
			dependencies = (
			);
			name = Rich;
			productName = Rich;
			productReference = C44547861DA6539C0071C27A /* Rich.app */;
			productType = "com.apple.product-type.application";
		};
		C44547991DA6539C0071C27A /* RichTests */ = {
			isa = PBXNativeTarget;
			buildConfigurationList = C44547B11DA6539C0071C27A /* Build configuration list for PBXNativeTarget "RichTests" */;
			buildPhases = (
				C44547961DA6539C0071C27A /* Sources */,
				C44547971DA6539C0071C27A /* Frameworks */,
				C44547981DA6539C0071C27A /* Resources */,
			);
			buildRules = (
			);
			dependencies = (
				C445479C1DA6539C0071C27A /* PBXTargetDependency */,
			);
			name = RichTests;
			productName = RichTests;
			productReference = C445479A1DA6539C0071C27A /* RichTests.xctest */;
			productType = "com.apple.product-type.bundle.unit-test";
		};
		C44547A41DA6539C0071C27A /* RichUITests */ = {
			isa = PBXNativeTarget;
			buildConfigurationList = C44547B41DA6539C0071C27A /* Build configuration list for PBXNativeTarget "RichUITests" */;
			buildPhases = (
				C44547A11DA6539C0071C27A /* Sources */,
				C44547A21DA6539C0071C27A /* Frameworks */,
				C44547A31DA6539C0071C27A /* Resources */,
			);
			buildRules = (
			);
			dependencies = (
				C44547A71DA6539C0071C27A /* PBXTargetDependency */,
			);
			name = RichUITests;
			productName = RichUITests;
			productReference = C44547A51DA6539C0071C27A /* RichUITests.xctest */;
			productType = "com.apple.product-type.bundle.ui-testing";
		};
/* End PBXNativeTarget section */

/* Begin PBXProject section */
		C445477E1DA6539C0071C27A /* Project object */ = {
			isa = PBXProject;
			attributes = {
				LastSwiftUpdateCheck = 0800;
				LastUpgradeCheck = 0800;
				ORGANIZATIONNAME = "Паша";
				TargetAttributes = {
					C44547851DA6539C0071C27A = {
						CreatedOnToolsVersion = 8.0;
						DevelopmentTeam = D9799SULEW;
						LastSwiftMigration = 0800;
						ProvisioningStyle = Automatic;
					};
					C44547991DA6539C0071C27A = {
						CreatedOnToolsVersion = 8.0;
						ProvisioningStyle = Automatic;
						TestTargetID = C44547851DA6539C0071C27A;
					};
					C44547A41DA6539C0071C27A = {
						CreatedOnToolsVersion = 8.0;
						ProvisioningStyle = Automatic;
						TestTargetID = C44547851DA6539C0071C27A;
					};
				};
			};
			buildConfigurationList = C44547811DA6539C0071C27A /* Build configuration list for PBXProject "Rich" */;
			compatibilityVersion = "Xcode 3.2";
			developmentRegion = English;
			hasScannedForEncodings = 0;
			knownRegions = (
				en,
				Base,
			);
			mainGroup = C445477D1DA6539C0071C27A;
			productRefGroup = C44547871DA6539C0071C27A /* Products */;
			projectDirPath = "";
			projectRoot = "";
			targets = (
				C44547851DA6539C0071C27A /* Rich */,
				C44547991DA6539C0071C27A /* RichTests */,
				C44547A41DA6539C0071C27A /* RichUITests */,
			);
		};
/* End PBXProject section */

/* Begin PBXResourcesBuildPhase section */
		C44547841DA6539C0071C27A /* Resources */ = {
			isa = PBXResourcesBuildPhase;
			buildActionMask = 2147483647;
			files = (
				C4ACF3731DA655280082F61D /* Stripe.bundle in Resources */,
				C44547941DA6539C0071C27A /* LaunchScreen.storyboard in Resources */,
				C42678991DA97D0900DD3A77 /* CardCell.xib in Resources */,
				C44547911DA6539C0071C27A /* Assets.xcassets in Resources */,
				C445478F1DA6539C0071C27A /* Main.storyboard in Resources */,
			);
			runOnlyForDeploymentPostprocessing = 0;
		};
		C44547981DA6539C0071C27A /* Resources */ = {
			isa = PBXResourcesBuildPhase;
			buildActionMask = 2147483647;
			files = (
			);
			runOnlyForDeploymentPostprocessing = 0;
		};
		C44547A31DA6539C0071C27A /* Resources */ = {
			isa = PBXResourcesBuildPhase;
			buildActionMask = 2147483647;
			files = (
			);
			runOnlyForDeploymentPostprocessing = 0;
		};
/* End PBXResourcesBuildPhase section */

/* Begin PBXShellScriptBuildPhase section */
		9EA9DFD495932EA6E18AD9DE /* [CP] Copy Pods Resources */ = {
			isa = PBXShellScriptBuildPhase;
			buildActionMask = 2147483647;
			files = (
			);
			inputPaths = (
			);
			name = "[CP] Copy Pods Resources";
			outputPaths = (
			);
			runOnlyForDeploymentPostprocessing = 0;
			shellPath = /bin/sh;
			shellScript = "\"${SRCROOT}/Pods/Target Support Files/Pods-Rich/Pods-Rich-resources.sh\"\n";
			showEnvVarsInLog = 0;
		};
		C4ACF3671DA654070082F61D /* Run Script */ = {
			isa = PBXShellScriptBuildPhase;
			buildActionMask = 2147483647;
			files = (
			);
			inputPaths = (
			);
			name = "Run Script";
			outputPaths = (
			);
			runOnlyForDeploymentPostprocessing = 0;
			shellPath = /bin/sh;
			shellScript = "./Fabric.framework/run 03215194def2e7e91170f769873e545618982882 9935b4660ab264601feea2c9a2a83dc001161581e46e7af1f5afb1afb6e36593";
		};
		D57C1B35BFD16AF495D421FD /* [CP] Embed Pods Frameworks */ = {
			isa = PBXShellScriptBuildPhase;
			buildActionMask = 2147483647;
			files = (
			);
			inputPaths = (
			);
			name = "[CP] Embed Pods Frameworks";
			outputPaths = (
			);
			runOnlyForDeploymentPostprocessing = 0;
			shellPath = /bin/sh;
			shellScript = "\"${SRCROOT}/Pods/Target Support Files/Pods-Rich/Pods-Rich-frameworks.sh\"\n";
			showEnvVarsInLog = 0;
		};
		EB60C911D85A9331D8AFFF1E /* [CP] Check Pods Manifest.lock */ = {
			isa = PBXShellScriptBuildPhase;
			buildActionMask = 2147483647;
			files = (
			);
			inputPaths = (
			);
			name = "[CP] Check Pods Manifest.lock";
			outputPaths = (
			);
			runOnlyForDeploymentPostprocessing = 0;
			shellPath = /bin/sh;
			shellScript = "diff \"${PODS_ROOT}/../Podfile.lock\" \"${PODS_ROOT}/Manifest.lock\" > /dev/null\nif [[ $? != 0 ]] ; then\n    cat << EOM\nerror: The sandbox is not in sync with the Podfile.lock. Run 'pod install' or update your CocoaPods installation.\nEOM\n    exit 1\nfi\n";
			showEnvVarsInLog = 0;
		};
/* End PBXShellScriptBuildPhase section */

/* Begin PBXSourcesBuildPhase section */
		C44547821DA6539C0071C27A /* Sources */ = {
			isa = PBXSourcesBuildPhase;
			buildActionMask = 2147483647;
			files = (
				C47F1AF51DB2C109001EBA60 /* CircleView.swift in Sources */,
				C42678981DA97D0900DD3A77 /* CardCell.swift in Sources */,
				C42678951DA97B4600DD3A77 /* CardsListViewController.swift in Sources */,
				C426789B1DA97D7900DD3A77 /* StripeUtil.swift in Sources */,
				C426789D1DA97E4D00DD3A77 /* StripeTools.swift in Sources */,
				C445478C1DA6539C0071C27A /* ViewController.swift in Sources */,
				C445478A1DA6539C0071C27A /* AppDelegate.swift in Sources */,
				C410D8941DB38A1C00E5CC98 /* PaymentViewController.swift in Sources */,
				C42678931DA9513000DD3A77 /* MyAPIClient.swift in Sources */,
			);
			runOnlyForDeploymentPostprocessing = 0;
		};
		C44547961DA6539C0071C27A /* Sources */ = {
			isa = PBXSourcesBuildPhase;
			buildActionMask = 2147483647;
			files = (
				C445479F1DA6539C0071C27A /* RichTests.swift in Sources */,
			);
			runOnlyForDeploymentPostprocessing = 0;
		};
		C44547A11DA6539C0071C27A /* Sources */ = {
			isa = PBXSourcesBuildPhase;
			buildActionMask = 2147483647;
			files = (
				C44547AA1DA6539C0071C27A /* RichUITests.swift in Sources */,
			);
			runOnlyForDeploymentPostprocessing = 0;
		};
/* End PBXSourcesBuildPhase section */

/* Begin PBXTargetDependency section */
		C445479C1DA6539C0071C27A /* PBXTargetDependency */ = {
			isa = PBXTargetDependency;
			target = C44547851DA6539C0071C27A /* Rich */;
			targetProxy = C445479B1DA6539C0071C27A /* PBXContainerItemProxy */;
		};
		C44547A71DA6539C0071C27A /* PBXTargetDependency */ = {
			isa = PBXTargetDependency;
			target = C44547851DA6539C0071C27A /* Rich */;
			targetProxy = C44547A61DA6539C0071C27A /* PBXContainerItemProxy */;
		};
/* End PBXTargetDependency section */

/* Begin PBXVariantGroup section */
		C445478D1DA6539C0071C27A /* Main.storyboard */ = {
			isa = PBXVariantGroup;
			children = (
				C445478E1DA6539C0071C27A /* Base */,
			);
			name = Main.storyboard;
			sourceTree = "<group>";
		};
		C44547921DA6539C0071C27A /* LaunchScreen.storyboard */ = {
			isa = PBXVariantGroup;
			children = (
				C44547931DA6539C0071C27A /* Base */,
			);
			name = LaunchScreen.storyboard;
			sourceTree = "<group>";
		};
/* End PBXVariantGroup section */

/* Begin XCBuildConfiguration section */
		C44547AC1DA6539C0071C27A /* Debug */ = {
			isa = XCBuildConfiguration;
			buildSettings = {
				ALWAYS_SEARCH_USER_PATHS = NO;
				CLANG_ANALYZER_NONNULL = YES;
				CLANG_CXX_LANGUAGE_STANDARD = "gnu++0x";
				CLANG_CXX_LIBRARY = "libc++";
				CLANG_ENABLE_MODULES = YES;
				CLANG_ENABLE_OBJC_ARC = YES;
				CLANG_WARN_BOOL_CONVERSION = YES;
				CLANG_WARN_CONSTANT_CONVERSION = YES;
				CLANG_WARN_DIRECT_OBJC_ISA_USAGE = YES_ERROR;
				CLANG_WARN_DOCUMENTATION_COMMENTS = YES;
				CLANG_WARN_EMPTY_BODY = YES;
				CLANG_WARN_ENUM_CONVERSION = YES;
				CLANG_WARN_INFINITE_RECURSION = YES;
				CLANG_WARN_INT_CONVERSION = YES;
				CLANG_WARN_OBJC_ROOT_CLASS = YES_ERROR;
				CLANG_WARN_SUSPICIOUS_MOVES = YES;
				CLANG_WARN_UNREACHABLE_CODE = YES;
				CLANG_WARN__DUPLICATE_METHOD_MATCH = YES;
				"CODE_SIGN_IDENTITY[sdk=iphoneos*]" = "iPhone Developer";
				COPY_PHASE_STRIP = NO;
				DEBUG_INFORMATION_FORMAT = dwarf;
				ENABLE_STRICT_OBJC_MSGSEND = YES;
				ENABLE_TESTABILITY = YES;
				GCC_C_LANGUAGE_STANDARD = gnu99;
				GCC_DYNAMIC_NO_PIC = NO;
				GCC_NO_COMMON_BLOCKS = YES;
				GCC_OPTIMIZATION_LEVEL = 0;
				GCC_PREPROCESSOR_DEFINITIONS = (
					"DEBUG=1",
					"$(inherited)",
				);
				GCC_WARN_64_TO_32_BIT_CONVERSION = YES;
				GCC_WARN_ABOUT_RETURN_TYPE = YES_ERROR;
				GCC_WARN_UNDECLARED_SELECTOR = YES;
				GCC_WARN_UNINITIALIZED_AUTOS = YES_AGGRESSIVE;
				GCC_WARN_UNUSED_FUNCTION = YES;
				GCC_WARN_UNUSED_VARIABLE = YES;
				IPHONEOS_DEPLOYMENT_TARGET = 10.0;
				MTL_ENABLE_DEBUG_INFO = YES;
				ONLY_ACTIVE_ARCH = YES;
				SDKROOT = iphoneos;
				SWIFT_ACTIVE_COMPILATION_CONDITIONS = DEBUG;
				SWIFT_OPTIMIZATION_LEVEL = "-Onone";
			};
			name = Debug;
		};
		C44547AD1DA6539C0071C27A /* Release */ = {
			isa = XCBuildConfiguration;
			buildSettings = {
				ALWAYS_SEARCH_USER_PATHS = NO;
				CLANG_ANALYZER_NONNULL = YES;
				CLANG_CXX_LANGUAGE_STANDARD = "gnu++0x";
				CLANG_CXX_LIBRARY = "libc++";
				CLANG_ENABLE_MODULES = YES;
				CLANG_ENABLE_OBJC_ARC = YES;
				CLANG_WARN_BOOL_CONVERSION = YES;
				CLANG_WARN_CONSTANT_CONVERSION = YES;
				CLANG_WARN_DIRECT_OBJC_ISA_USAGE = YES_ERROR;
				CLANG_WARN_DOCUMENTATION_COMMENTS = YES;
				CLANG_WARN_EMPTY_BODY = YES;
				CLANG_WARN_ENUM_CONVERSION = YES;
				CLANG_WARN_INFINITE_RECURSION = YES;
				CLANG_WARN_INT_CONVERSION = YES;
				CLANG_WARN_OBJC_ROOT_CLASS = YES_ERROR;
				CLANG_WARN_SUSPICIOUS_MOVES = YES;
				CLANG_WARN_UNREACHABLE_CODE = YES;
				CLANG_WARN__DUPLICATE_METHOD_MATCH = YES;
				"CODE_SIGN_IDENTITY[sdk=iphoneos*]" = "iPhone Developer";
				COPY_PHASE_STRIP = NO;
				DEBUG_INFORMATION_FORMAT = "dwarf-with-dsym";
				ENABLE_NS_ASSERTIONS = NO;
				ENABLE_STRICT_OBJC_MSGSEND = YES;
				GCC_C_LANGUAGE_STANDARD = gnu99;
				GCC_NO_COMMON_BLOCKS = YES;
				GCC_WARN_64_TO_32_BIT_CONVERSION = YES;
				GCC_WARN_ABOUT_RETURN_TYPE = YES_ERROR;
				GCC_WARN_UNDECLARED_SELECTOR = YES;
				GCC_WARN_UNINITIALIZED_AUTOS = YES_AGGRESSIVE;
				GCC_WARN_UNUSED_FUNCTION = YES;
				GCC_WARN_UNUSED_VARIABLE = YES;
				IPHONEOS_DEPLOYMENT_TARGET = 10.0;
				MTL_ENABLE_DEBUG_INFO = NO;
				SDKROOT = iphoneos;
				SWIFT_OPTIMIZATION_LEVEL = "-Owholemodule";
				VALIDATE_PRODUCT = YES;
			};
			name = Release;
		};
		C44547AF1DA6539C0071C27A /* Debug */ = {
			isa = XCBuildConfiguration;
			baseConfigurationReference = A2604A52690B6022723AAAF9 /* Pods-Rich.debug.xcconfig */;
			buildSettings = {
				ASSETCATALOG_COMPILER_APPICON_NAME = AppIcon;
				CLANG_ENABLE_MODULES = YES;
				DEVELOPMENT_TEAM = D9799SULEW;
				FRAMEWORK_SEARCH_PATHS = (
					"$(inherited)",
					"$(PROJECT_DIR)/Rich",
					"$(PROJECT_DIR)",
				);
				INFOPLIST_FILE = Rich/Info.plist;
				LD_RUNPATH_SEARCH_PATHS = "$(inherited) @executable_path/Frameworks";
				PRODUCT_BUNDLE_IDENTIFIER = MalOrg.Rich;
				PRODUCT_NAME = "$(TARGET_NAME)";
				SWIFT_OBJC_BRIDGING_HEADER = "Rich/Rich-Bridging-Header.h";
				SWIFT_OPTIMIZATION_LEVEL = "-Onone";
				SWIFT_VERSION = 3.0;
			};
			name = Debug;
		};
		C44547B01DA6539C0071C27A /* Release */ = {
			isa = XCBuildConfiguration;
			baseConfigurationReference = F8713109429251188A136476 /* Pods-Rich.release.xcconfig */;
			buildSettings = {
				ASSETCATALOG_COMPILER_APPICON_NAME = AppIcon;
				CLANG_ENABLE_MODULES = YES;
				DEVELOPMENT_TEAM = D9799SULEW;
				FRAMEWORK_SEARCH_PATHS = (
					"$(inherited)",
					"$(PROJECT_DIR)/Rich",
					"$(PROJECT_DIR)",
				);
				INFOPLIST_FILE = Rich/Info.plist;
				LD_RUNPATH_SEARCH_PATHS = "$(inherited) @executable_path/Frameworks";
				PRODUCT_BUNDLE_IDENTIFIER = MalOrg.Rich;
				PRODUCT_NAME = "$(TARGET_NAME)";
				SWIFT_OBJC_BRIDGING_HEADER = "Rich/Rich-Bridging-Header.h";
				SWIFT_VERSION = 3.0;
			};
			name = Release;
		};
		C44547B21DA6539C0071C27A /* Debug */ = {
			isa = XCBuildConfiguration;
			buildSettings = {
				ALWAYS_EMBED_SWIFT_STANDARD_LIBRARIES = YES;
				BUNDLE_LOADER = "$(TEST_HOST)";
				INFOPLIST_FILE = RichTests/Info.plist;
				LD_RUNPATH_SEARCH_PATHS = "$(inherited) @executable_path/Frameworks @loader_path/Frameworks";
				PRODUCT_BUNDLE_IDENTIFIER = MalOrg.RichTests;
				PRODUCT_NAME = "$(TARGET_NAME)";
				SWIFT_VERSION = 3.0;
				TEST_HOST = "$(BUILT_PRODUCTS_DIR)/Rich.app/Rich";
			};
			name = Debug;
		};
		C44547B31DA6539C0071C27A /* Release */ = {
			isa = XCBuildConfiguration;
			buildSettings = {
				ALWAYS_EMBED_SWIFT_STANDARD_LIBRARIES = YES;
				BUNDLE_LOADER = "$(TEST_HOST)";
				INFOPLIST_FILE = RichTests/Info.plist;
				LD_RUNPATH_SEARCH_PATHS = "$(inherited) @executable_path/Frameworks @loader_path/Frameworks";
				PRODUCT_BUNDLE_IDENTIFIER = MalOrg.RichTests;
				PRODUCT_NAME = "$(TARGET_NAME)";
				SWIFT_VERSION = 3.0;
				TEST_HOST = "$(BUILT_PRODUCTS_DIR)/Rich.app/Rich";
			};
			name = Release;
		};
		C44547B51DA6539C0071C27A /* Debug */ = {
			isa = XCBuildConfiguration;
			buildSettings = {
				ALWAYS_EMBED_SWIFT_STANDARD_LIBRARIES = YES;
				INFOPLIST_FILE = RichUITests/Info.plist;
				LD_RUNPATH_SEARCH_PATHS = "$(inherited) @executable_path/Frameworks @loader_path/Frameworks";
				PRODUCT_BUNDLE_IDENTIFIER = MalOrg.RichUITests;
				PRODUCT_NAME = "$(TARGET_NAME)";
				SWIFT_VERSION = 3.0;
				TEST_TARGET_NAME = Rich;
			};
			name = Debug;
		};
		C44547B61DA6539C0071C27A /* Release */ = {
			isa = XCBuildConfiguration;
			buildSettings = {
				ALWAYS_EMBED_SWIFT_STANDARD_LIBRARIES = YES;
				INFOPLIST_FILE = RichUITests/Info.plist;
				LD_RUNPATH_SEARCH_PATHS = "$(inherited) @executable_path/Frameworks @loader_path/Frameworks";
				PRODUCT_BUNDLE_IDENTIFIER = MalOrg.RichUITests;
				PRODUCT_NAME = "$(TARGET_NAME)";
				SWIFT_VERSION = 3.0;
				TEST_TARGET_NAME = Rich;
			};
			name = Release;
		};
/* End XCBuildConfiguration section */

/* Begin XCConfigurationList section */
		C44547811DA6539C0071C27A /* Build configuration list for PBXProject "Rich" */ = {
			isa = XCConfigurationList;
			buildConfigurations = (
				C44547AC1DA6539C0071C27A /* Debug */,
				C44547AD1DA6539C0071C27A /* Release */,
			);
			defaultConfigurationIsVisible = 0;
			defaultConfigurationName = Release;
		};
		C44547AE1DA6539C0071C27A /* Build configuration list for PBXNativeTarget "Rich" */ = {
			isa = XCConfigurationList;
			buildConfigurations = (
				C44547AF1DA6539C0071C27A /* Debug */,
				C44547B01DA6539C0071C27A /* Release */,
			);
			defaultConfigurationIsVisible = 0;
			defaultConfigurationName = Release;
		};
		C44547B11DA6539C0071C27A /* Build configuration list for PBXNativeTarget "RichTests" */ = {
			isa = XCConfigurationList;
			buildConfigurations = (
				C44547B21DA6539C0071C27A /* Debug */,
				C44547B31DA6539C0071C27A /* Release */,
			);
			defaultConfigurationIsVisible = 0;
			defaultConfigurationName = Release;
		};
		C44547B41DA6539C0071C27A /* Build configuration list for PBXNativeTarget "RichUITests" */ = {
			isa = XCConfigurationList;
			buildConfigurations = (
				C44547B51DA6539C0071C27A /* Debug */,
				C44547B61DA6539C0071C27A /* Release */,
			);
			defaultConfigurationIsVisible = 0;
			defaultConfigurationName = Release;
		};
/* End XCConfigurationList section */
	};
	rootObject = C445477E1DA6539C0071C27A /* Project object */;
}
